
Microsoft Visual Studio Solution File, Format Version 12.00
# Visual Studio Version 17
VisualStudioVersion = 17.5.33530.505
MinimumVisualStudioVersion = 10.0.40219.1
Project("{FAE04EC0-301F-11D3-BF4B-00C04F79EFBC}") = "MagicVilla_API", "MagicVilla_API\MagicVilla_API.csproj", "{1170F92C-4378-484F-8B18-4F9ECB0E0D13}"
EndProject
Global
	GlobalSection(SolutionConfigurationPlatforms) = preSolution
		Debug|Any CPU = Debug|Any CPU
		Release|Any CPU = Release|Any CPU
	EndGlobalSection
	GlobalSection(ProjectConfigurationPlatforms) = postSolution
		{1170F92C-4378-484F-8B18-4F9ECB0E0D13}.Debug|Any CPU.ActiveCfg = Debug|Any CPU
		{1170F92C-4378-484F-8B18-4F9ECB0E0D13}.Debug|Any CPU.Build.0 = Debug|Any CPU
		{1170F92C-4378-484F-8B18-4F9ECB0E0D13}.Release|Any CPU.ActiveCfg = Release|Any CPU
		{1170F92C-4378-484F-8B18-4F9ECB0E0D13}.Release|Any CPU.Build.0 = Release|Any CPU
	EndGlobalSection
	GlobalSection(SolutionProperties) = preSolution
		HideSolutionNode = FALSE
	EndGlobalSection
	GlobalSection(ExtensibilityGlobals) = postSolution
		SolutionGuid = {6D0F7E49-863A-4EC0-B42B-DDFA0E384595}
	EndGlobalSection
EndGlobal
